
Microsoft Visual Studio Solution File, Format Version 12.00
Project("{FAE04EC0-301F-11D3-BF4B-00C04F79EFBC}") = "JwtWebSocket", "JwtWebSocket.csproj", "{8E5C49CA-0C43-4C3B-A2CB-00C847A977C8}"
EndProject
Global
	GlobalSection(SolutionConfigurationPlatforms) = preSolution
		Debug|Any CPU = Debug|Any CPU
		Release|Any CPU = Release|Any CPU
	EndGlobalSection
	GlobalSection(ProjectConfigurationPlatforms) = postSolution
		{8E5C49CA-0C43-4C3B-A2CB-00C847A977C8}.Debug|Any CPU.ActiveCfg = Debug|Any CPU
		{8E5C49CA-0C43-4C3B-A2CB-00C847A977C8}.Debug|Any CPU.Build.0 = Debug|Any CPU
		{8E5C49CA-0C43-4C3B-A2CB-00C847A977C8}.Release|Any CPU.ActiveCfg = Release|Any CPU
		{8E5C49CA-0C43-4C3B-A2CB-00C847A977C8}.Release|Any CPU.Build.0 = Release|Any CPU
	EndGlobalSection
EndGlobal
